
Microsoft Visual Studio Solution File, Format Version 12.00
# Visual Studio Version 17
VisualStudioVersion = 17.6.33829.357
MinimumVisualStudioVersion = 10.0.40219.1
Project("{9A19103F-16F7-4668-BE54-9A1E7A4F7556}") = "BaseManagerUI", "BaseManagerUI\BaseManagerUI.csproj", "{59232653-A1C6-4089-A3B8-90DD2E97D753}"
EndProject
Global
	GlobalSection(SolutionConfigurationPlatforms) = preSolution
		Debug|Any CPU = Debug|Any CPU
		Release|Any CPU = Release|Any CPU
	EndGlobalSection
	GlobalSection(ProjectConfigurationPlatforms) = postSolution
		{59232653-A1C6-4089-A3B8-90DD2E97D753}.Debug|Any CPU.ActiveCfg = Debug|Any CPU
		{59232653-A1C6-4089-A3B8-90DD2E97D753}.Debug|Any CPU.Build.0 = Debug|Any CPU
		{59232653-A1C6-4089-A3B8-90DD2E97D753}.Release|Any CPU.ActiveCfg = Release|Any CPU
		{59232653-A1C6-4089-A3B8-90DD2E97D753}.Release|Any CPU.Build.0 = Release|Any CPU
	EndGlobalSection
	GlobalSection(SolutionProperties) = preSolution
		HideSolutionNode = FALSE
	EndGlobalSection
	GlobalSection(ExtensibilityGlobals) = postSolution
		SolutionGuid = {0EA7CDE8-713D-4DC8-B460-5A08217DF26B}
	EndGlobalSection
EndGlobal
